
Microsoft Visual Studio Solution File, Format Version 12.00
# Visual Studio 15
VisualStudioVersion = 15.0.27703.2047
MinimumVisualStudioVersion = 10.0.40219.1
Project("{FAE04EC0-301F-11D3-BF4B-00C04F79EFBC}") = "StashClient", "StashClient.csproj", "{7382FC41-AD74-4525-98EC-9A1AC1E6CEBF}"
EndProject
Global
	GlobalSection(SolutionConfigurationPlatforms) = preSolution
		Debug|Any CPU = Debug|Any CPU
		Release|Any CPU = Release|Any CPU
	EndGlobalSection
	GlobalSection(ProjectConfigurationPlatforms) = postSolution
		{7382FC41-AD74-4525-98EC-9A1AC1E6CEBF}.Debug|Any CPU.ActiveCfg = Debug|Any CPU
		{7382FC41-AD74-4525-98EC-9A1AC1E6CEBF}.Debug|Any CPU.Build.0 = Debug|Any CPU
		{7382FC41-AD74-4525-98EC-9A1AC1E6CEBF}.Release|Any CPU.ActiveCfg = Release|Any CPU
		{7382FC41-AD74-4525-98EC-9A1AC1E6CEBF}.Release|Any CPU.Build.0 = Release|Any CPU
	EndGlobalSection
	GlobalSection(SolutionProperties) = preSolution
		HideSolutionNode = FALSE
	EndGlobalSection
	GlobalSection(ExtensibilityGlobals) = postSolution
		SolutionGuid = {36709C2D-7FB3-42B2-ABCB-FEDF3A93ABDA}
	EndGlobalSection
EndGlobal
